
Microsoft Visual Studio Solution File, Format Version 12.00
# Visual Studio Version 16
VisualStudioVersion = 16.0.28803.202
MinimumVisualStudioVersion = 10.0.40219.1
Project("{FAE04EC0-301F-11D3-BF4B-00C04F79EFBC}") = "ConversionTests", "ConversionTests.csproj", "{B2A1649F-3A38-4CE8-9A4B-5D17E462DF41}"
EndProject
Project("{FAE04EC0-301F-11D3-BF4B-00C04F79EFBC}") = "PreprocessXML", "..\PreprocessXML\PreprocessXML.csproj", "{75679593-D8F0-44A5-9A97-390736D77D9B}"
EndProject
Global
	GlobalSection(SolutionConfigurationPlatforms) = preSolution
		Debug|Any CPU = Debug|Any CPU
		Release|Any CPU = Release|Any CPU
	EndGlobalSection
	GlobalSection(ProjectConfigurationPlatforms) = postSolution
		{B2A1649F-3A38-4CE8-9A4B-5D17E462DF41}.Debug|Any CPU.ActiveCfg = Debug|Any CPU
		{B2A1649F-3A38-4CE8-9A4B-5D17E462DF41}.Debug|Any CPU.Build.0 = Debug|Any CPU
		{B2A1649F-3A38-4CE8-9A4B-5D17E462DF41}.Release|Any CPU.ActiveCfg = Release|Any CPU
		{B2A1649F-3A38-4CE8-9A4B-5D17E462DF41}.Release|Any CPU.Build.0 = Release|Any CPU
		{75679593-D8F0-44A5-9A97-390736D77D9B}.Debug|Any CPU.ActiveCfg = Debug|Any CPU
		{75679593-D8F0-44A5-9A97-390736D77D9B}.Debug|Any CPU.Build.0 = Debug|Any CPU
		{75679593-D8F0-44A5-9A97-390736D77D9B}.Release|Any CPU.ActiveCfg = Release|Any CPU
		{75679593-D8F0-44A5-9A97-390736D77D9B}.Release|Any CPU.Build.0 = Release|Any CPU
	EndGlobalSection
	GlobalSection(SolutionProperties) = preSolution
		HideSolutionNode = FALSE
	EndGlobalSection
	GlobalSection(ExtensibilityGlobals) = postSolution
		SolutionGuid = {1DC865AD-C41A-4FD1-833D-FD8FECB994EC}
	EndGlobalSection
EndGlobal
